PODS:
  - AdTimingBidSDK (5.0.1)
  - AppLovinSDK (6.14.6)
  - FBAudienceNetwork (6.2.1):
    - FBSDKCoreKit/Basics (>= 7.0.1)
  - FBSDKCoreKit/Basics (8.2.0)
  - Flutter (1.0.0)
  - jd_adtiming_plugin (0.0.1):
    - AdTimingBidSDK (= 5.0.1)
    - AppLovinSDK (= 6.14.6)
    - FBAudienceNetwork (= 6.2.1)
    - Flutter
    - OpenMediation (= 2.0.3)
    - OpenMediationAdTimingAdapter (= 2.0.2)
    - OpenMediationAppLovinAdapter (= 2.0.2)
    - OpenMediationFacebookAdapter (= 2.0.3)
    - OpenMediationTapjoyAdapter (= 2.0.2)
    - OpenMediationTestSuite (= 1.3.0)
    - OpenMediationUnityAdapter (= 2.0.2)
    - OpenMediationVungleAdapter (= 2.0.2)
    - TapjoySDK (= 12.7.0)
    - UnityAds (= 3.5.1)
    - VungleSDK-iOS (= 6.8.1)
  - OpenMediation (2.0.3)
  - OpenMediationAdTimingAdapter (2.0.2):
    - OpenMediation
  - OpenMediationAppLovinAdapter (2.0.2):
    - OpenMediation
  - OpenMediationFacebookAdapter (2.0.3):
    - OpenMediation
  - OpenMediationTapjoyAdapter (2.0.2):
    - OpenMediation
  - OpenMediationTestSuite (1.3.0)
  - OpenMediationUnityAdapter (2.0.2):
    - OpenMediation
  - OpenMediationVungleAdapter (2.0.2):
    - OpenMediation
  - TapjoySDK (12.7.0)
  - UnityAds (3.5.1)
  - VungleSDK-iOS (6.8.1)

DEPENDENCIES:
  - Flutter (from `Flutter`)
  - jd_adtiming_plugin (from `.symlinks/plugins/jd_adtiming_plugin/ios`)

SPEC REPOS:
  trunk:
    - AdTimingBidSDK
    - AppLovinSDK
    - FBAudienceNetwork
    - FBSDKCoreKit
    - OpenMediation
    - OpenMediationAdTimingAdapter
    - OpenMediationAppLovinAdapter
    - OpenMediationFacebookAdapter
    - OpenMediationTapjoyAdapter
    - OpenMediationTestSuite
    - OpenMediationUnityAdapter
    - OpenMediationVungleAdapter
    - TapjoySDK
    - UnityAds
    - VungleSDK-iOS

EXTERNAL SOURCES:
  Flutter:
    :path: Flutter
  jd_adtiming_plugin:
    :path: ".symlinks/plugins/jd_adtiming_plugin/ios"

SPEC CHECKSUMS:
  AdTimingBidSDK: 76f8817cb404b81ab28a754a56499e52063009d4
  AppLovinSDK: 88d3f2c718983692973d724e71ee8dfca1859fd4
  FBAudienceNetwork: 6e85fd17319e49c0234d60026bee154389badf2c
  FBSDKCoreKit: 4afd6ff53d8133a433dbcda44451c9498f8c6ce4
  Flutter: 0e3d915762c693b495b44d77113d4970485de6ec
  jd_adtiming_plugin: 0996ba4b0fff6a086ee93fc568506fe8c5c85a20
  OpenMediation: 7d92cb2486209a71115e73da2de157010cf4b096
  OpenMediationAdTimingAdapter: 71ac1977d71d04952dc8c2c94ee8f2b5a9e37a68
  OpenMediationAppLovinAdapter: 63ec6fdd114f63aeb44735dc96e8e4021aadbd7c
  OpenMediationFacebookAdapter: a633b53f47285beadcd2a5c2836c0ad32549dc07
  OpenMediationTapjoyAdapter: 7d603512124b852bceebf5c3b24331784eb20992
  OpenMediationTestSuite: 903c3dfcdd4163b38884599cd92690566374ced4
  OpenMediationUnityAdapter: 0e6e469ceedc7ff2e1b6ac70f3217489dbc4802c
  OpenMediationVungleAdapter: d08000e5317ad3f76ee821678e6e04470e596b6c
  TapjoySDK: e863ea0d0f5d3ab3f8f12d9a9af737789d9dab6d
  UnityAds: 5cf7348607675db42414a1625f88c2d560f1164c
  VungleSDK-iOS: 0405589c8626b2511dd57214a17e0d65e0d2f424

PODFILE CHECKSUM: 618502e58e813b05aaed77df8b0ba34befee1bda

COCOAPODS: 1.10.0
